
Microsoft Visual Studio Solution File, Format Version 10.00
# Visual Studio 2008
Project("{FAE04EC0-301F-11D3-BF4B-00C04F79EFBC}") = "Sensor Scope", "Sensor Scope\Sensor Scope.csproj", "{95C4ADF1-8DED-46D9-8FDA-DD57E6B9D680}"
EndProject
Project("{54435603-DBB4-11D2-8724-00A0C9A8B90C}") = "EarlySense Sensor Scope Setup", "EarlySense Sensor Scope Setup\EarlySense Sensor Scope Setup.vdproj", "{48194F3B-AA3F-4A6B-A238-034ACE6F5C18}"
EndProject
Global
	GlobalSection(SolutionConfigurationPlatforms) = preSolution
		Debug|Any CPU = Debug|Any CPU
		Release|Any CPU = Release|Any CPU
	EndGlobalSection
	GlobalSection(ProjectConfigurationPlatforms) = postSolution
		{95C4ADF1-8DED-46D9-8FDA-DD57E6B9D680}.Debug|Any CPU.ActiveCfg = Debug|Any CPU
		{95C4ADF1-8DED-46D9-8FDA-DD57E6B9D680}.Debug|Any CPU.Build.0 = Debug|Any CPU
		{95C4ADF1-8DED-46D9-8FDA-DD57E6B9D680}.Release|Any CPU.ActiveCfg = Release|Any CPU
		{95C4ADF1-8DED-46D9-8FDA-DD57E6B9D680}.Release|Any CPU.Build.0 = Release|Any CPU
		{48194F3B-AA3F-4A6B-A238-034ACE6F5C18}.Debug|Any CPU.ActiveCfg = Debug
		{48194F3B-AA3F-4A6B-A238-034ACE6F5C18}.Release|Any CPU.ActiveCfg = Release
	EndGlobalSection
	GlobalSection(SolutionProperties) = preSolution
		HideSolutionNode = FALSE
	EndGlobalSection
EndGlobal
